// !$*UTF8*$!
{
	archiveVersion = 1;
	classes = {
	};
	objectVersion = 46;
	objects = {

/* Begin PBXBuildFile section */
		FAD50DD114CA50DF000C4BAA /* UIKit.framework in Frameworks */ = {isa = PBXBuildFile; fileRef = FAD50DD014CA50DF000C4BAA /* UIKit.framework */; };
		FAD50DD314CA50DF000C4BAA /* Foundation.framework in Frameworks */ = {isa = PBXBuildFile; fileRef = FAD50DD214CA50DF000C4BAA /* Foundation.framework */; };
		FAD50DD514CA50DF000C4BAA /* CoreGraphics.framework in Frameworks */ = {isa = PBXBuildFile; fileRef = FAD50DD414CA50DF000C4BAA /* CoreGraphics.framework */; };
		FAD50DDB14CA50DF000C4BAA /* InfoPlist.strings in Resources */ = {isa = PBXBuildFile; fileRef = FAD50DD914CA50DF000C4BAA /* InfoPlist.strings */; };
		FAD50DDD14CA50DF000C4BAA /* main.m in Sources */ = {isa = PBXBuildFile; fileRef = FAD50DDC14CA50DF000C4BAA /* main.m */; };
		FAD50DE114CA50DF000C4BAA /* AppDelegate.m in Sources */ = {isa = PBXBuildFile; fileRef = FAD50DE014CA50DF000C4BAA /* AppDelegate.m */; };
		FAD50DE814CA51E9000C4BAA /* AVFoundation.framework in Frameworks */ = {isa = PBXBuildFile; fileRef = FAD50DE714CA51E9000C4BAA /* AVFoundation.framework */; };
		FAD50DEB14CA58B8000C4BAA /* VideoExporter.m in Sources */ = {isa = PBXBuildFile; fileRef = FAD50DEA14CA58B8000C4BAA /* VideoExporter.m */; };
		FAD50DEF14CA670F000C4BAA /* CoreVideo.framework in Frameworks */ = {isa = PBXBuildFile; fileRef = FAD50DEE14CA670F000C4BAA /* CoreVideo.framework */; };
		FAD50DF114CA671A000C4BAA /* CoreMedia.framework in Frameworks */ = {isa = PBXBuildFile; fileRef = FAD50DF014CA6719000C4BAA /* CoreMedia.framework */; };
		FAD50DF814CA8257000C4BAA /* frown_portrait.png in Resources */ = {isa = PBXBuildFile; fileRef = FAD50DF614CA8257000C4BAA /* frown_portrait.png */; };
		FAD50DF914CA8257000C4BAA /* smile_portrait.png in Resources */ = {isa = PBXBuildFile; fileRef = FAD50DF714CA8257000C4BAA /* smile_portrait.png */; };
		FAD50DFB14CA82F8000C4BAA /* MediaPlayer.framework in Frameworks */ = {isa = PBXBuildFile; fileRef = FAD50DFA14CA82F8000C4BAA /* MediaPlayer.framework */; };
/* End PBXBuildFile section */

/* Begin PBXFileReference section */
		FAD50DCC14CA50DF000C4BAA /* AVExportTest.app */ = {isa = PBXFileReference; explicitFileType = wrapper.application; includeInIndex = 0; path = AVExportTest.app; sourceTree = BUILT_PRODUCTS_DIR; };
		FAD50DD014CA50DF000C4BAA /* UIKit.framework */ = {isa = PBXFileReference; lastKnownFileType = wrapper.framework; name = UIKit.framework; path = System/Library/Frameworks/UIKit.framework; sourceTree = SDKROOT; };
		FAD50DD214CA50DF000C4BAA /* Foundation.framework */ = {isa = PBXFileReference; lastKnownFileType = wrapper.framework; name = Foundation.framework; path = System/Library/Frameworks/Foundation.framework; sourceTree = SDKROOT; };
		FAD50DD414CA50DF000C4BAA /* CoreGraphics.framework */ = {isa = PBXFileReference; lastKnownFileType = wrapper.framework; name = CoreGraphics.framework; path = System/Library/Frameworks/CoreGraphics.framework; sourceTree = SDKROOT; };
		FAD50DD814CA50DF000C4BAA /* AVExportTest-Info.plist */ = {isa = PBXFileReference; lastKnownFileType = text.plist.xml; path = "AVExportTest-Info.plist"; sourceTree = "<group>"; };
		FAD50DDA14CA50DF000C4BAA /* en */ = {isa = PBXFileReference; lastKnownFileType = text.plist.strings; name = en; path = en.lproj/InfoPlist.strings; sourceTree = "<group>"; };
		FAD50DDC14CA50DF000C4BAA /* main.m */ = {isa = PBXFileReference; lastKnownFileType = sourcecode.c.objc; path = main.m; sourceTree = "<group>"; };
		FAD50DDE14CA50DF000C4BAA /* AVExportTest-Prefix.pch */ = {isa = PBXFileReference; lastKnownFileType = sourcecode.c.h; path = "AVExportTest-Prefix.pch"; sourceTree = "<group>"; };
		FAD50DDF14CA50DF000C4BAA /* AppDelegate.h */ = {isa = PBXFileReference; lastKnownFileType = sourcecode.c.h; path = AppDelegate.h; sourceTree = "<group>"; };
		FAD50DE014CA50DF000C4BAA /* AppDelegate.m */ = {isa = PBXFileReference; lastKnownFileType = sourcecode.c.objc; path = AppDelegate.m; sourceTree = "<group>"; };
		FAD50DE714CA51E9000C4BAA /* AVFoundation.framework */ = {isa = PBXFileReference; lastKnownFileType = wrapper.framework; name = AVFoundation.framework; path = System/Library/Frameworks/AVFoundation.framework; sourceTree = SDKROOT; };
		FAD50DE914CA58B8000C4BAA /* VideoExporter.h */ = {isa = PBXFileReference; fileEncoding = 4; lastKnownFileType = sourcecode.c.h; path = VideoExporter.h; sourceTree = "<group>"; };
		FAD50DEA14CA58B8000C4BAA /* VideoExporter.m */ = {isa = PBXFileReference; fileEncoding = 4; lastKnownFileType = sourcecode.c.objc; path = VideoExporter.m; sourceTree = "<group>"; };
		FAD50DEE14CA670F000C4BAA /* CoreVideo.framework */ = {isa = PBXFileReference; lastKnownFileType = wrapper.framework; name = CoreVideo.framework; path = System/Library/Frameworks/CoreVideo.framework; sourceTree = SDKROOT; };
		FAD50DF014CA6719000C4BAA /* CoreMedia.framework */ = {isa = PBXFileReference; lastKnownFileType = wrapper.framework; name = CoreMedia.framework; path = System/Library/Frameworks/CoreMedia.framework; sourceTree = SDKROOT; };
		FAD50DF614CA8257000C4BAA /* frown_portrait.png */ = {isa = PBXFileReference; lastKnownFileType = image.png; path = frown_portrait.png; sourceTree = "<group>"; };
		FAD50DF714CA8257000C4BAA /* smile_portrait.png */ = {isa = PBXFileReference; lastKnownFileType = image.png; path = smile_portrait.png; sourceTree = "<group>"; };
		FAD50DFA14CA82F8000C4BAA /* MediaPlayer.framework */ = {isa = PBXFileReference; lastKnownFileType = wrapper.framework; name = MediaPlayer.framework; path = System/Library/Frameworks/MediaPlayer.framework; sourceTree = SDKROOT; };
/* End PBXFileReference section */

/* Begin PBXFrameworksBuildPhase section */
		FAD50DC914CA50DF000C4BAA /* Frameworks */ = {
			isa = PBXFrameworksBuildPhase;
			buildActionMask = 2147483647;
			files = (
				FAD50DFB14CA82F8000C4BAA /* MediaPlayer.framework in Frameworks */,
				FAD50DF114CA671A000C4BAA /* CoreMedia.framework in Frameworks */,
				FAD50DEF14CA670F000C4BAA /* CoreVideo.framework in Frameworks */,
				FAD50DE814CA51E9000C4BAA /* AVFoundation.framework in Frameworks */,
				FAD50DD114CA50DF000C4BAA /* UIKit.framework in Frameworks */,
				FAD50DD314CA50DF000C4BAA /* Foundation.framework in Frameworks */,
				FAD50DD514CA50DF000C4BAA /* CoreGraphics.framework in Frameworks */,
			);
			runOnlyForDeploymentPostprocessing = 0;
		};
/* End PBXFrameworksBuildPhase section */

/* Begin PBXGroup section */
		FAD50DC114CA50DE000C4BAA = {
			isa = PBXGroup;
			children = (
				FAD50DD614CA50DF000C4BAA /* AVExportTest */,
				FAD50DCF14CA50DF000C4BAA /* Frameworks */,
				FAD50DCD14CA50DF000C4BAA /* Products */,
			);
			sourceTree = "<group>";
		};
		FAD50DCD14CA50DF000C4BAA /* Products */ = {
			isa = PBXGroup;
			children = (
				FAD50DCC14CA50DF000C4BAA /* AVExportTest.app */,
			);
			name = Products;
			sourceTree = "<group>";
		};
		FAD50DCF14CA50DF000C4BAA /* Frameworks */ = {
			isa = PBXGroup;
			children = (
				FAD50DFA14CA82F8000C4BAA /* MediaPlayer.framework */,
				FAD50DF014CA6719000C4BAA /* CoreMedia.framework */,
				FAD50DEE14CA670F000C4BAA /* CoreVideo.framework */,
				FAD50DE714CA51E9000C4BAA /* AVFoundation.framework */,
				FAD50DD014CA50DF000C4BAA /* UIKit.framework */,
				FAD50DD214CA50DF000C4BAA /* Foundation.framework */,
				FAD50DD414CA50DF000C4BAA /* CoreGraphics.framework */,
			);
			name = Frameworks;
			sourceTree = "<group>";
		};
		FAD50DD614CA50DF000C4BAA /* AVExportTest */ = {
			isa = PBXGroup;
			children = (
				FAD50DDF14CA50DF000C4BAA /* AppDelegate.h */,
				FAD50DE014CA50DF000C4BAA /* AppDelegate.m */,
				FAD50DE914CA58B8000C4BAA /* VideoExporter.h */,
				FAD50DEA14CA58B8000C4BAA /* VideoExporter.m */,
				FAD50DD714CA50DF000C4BAA /* Supporting Files */,
			);
			path = AVExportTest;
			sourceTree = "<group>";
		};
		FAD50DD714CA50DF000C4BAA /* Supporting Files */ = {
			isa = PBXGroup;
			children = (
				FAD50DF614CA8257000C4BAA /* frown_portrait.png */,
				FAD50DF714CA8257000C4BAA /* smile_portrait.png */,
				FAD50DD814CA50DF000C4BAA /* AVExportTest-Info.plist */,
				FAD50DD914CA50DF000C4BAA /* InfoPlist.strings */,
				FAD50DDC14CA50DF000C4BAA /* main.m */,
				FAD50DDE14CA50DF000C4BAA /* AVExportTest-Prefix.pch */,
			);
			name = "Supporting Files";
			sourceTree = "<group>";
		};
/* End PBXGroup section */

/* Begin PBXNativeTarget section */
		FAD50DCB14CA50DF000C4BAA /* AVExportTest */ = {
			isa = PBXNativeTarget;
			buildConfigurationList = FAD50DE414CA50DF000C4BAA /* Build configuration list for PBXNativeTarget "AVExportTest" */;
			buildPhases = (
				FAD50DC814CA50DF000C4BAA /* Sources */,
				FAD50DC914CA50DF000C4BAA /* Frameworks */,
				FAD50DCA14CA50DF000C4BAA /* Resources */,
			);
			buildRules = (
			);
			dependencies = (
			);
			name = AVExportTest;
			productName = AVExportTest;
			productReference = FAD50DCC14CA50DF000C4BAA /* AVExportTest.app */;
			productType = "com.apple.product-type.application";
		};
/* End PBXNativeTarget section */

/* Begin PBXProject section */
		FAD50DC314CA50DE000C4BAA /* Project object */ = {
			isa = PBXProject;
			attributes = {
				LastUpgradeCheck = 0420;
			};
			buildConfigurationList = FAD50DC614CA50DE000C4BAA /* Build configuration list for PBXProject "AVExportTest" */;
			compatibilityVersion = "Xcode 3.2";
			developmentRegion = English;
			hasScannedForEncodings = 0;
			knownRegions = (
				en,
			);
			mainGroup = FAD50DC114CA50DE000C4BAA;
			productRefGroup = FAD50DCD14CA50DF000C4BAA /* Products */;
			projectDirPath = "";
			projectRoot = "";
			targets = (
				FAD50DCB14CA50DF000C4BAA /* AVExportTest */,
			);
		};
/* End PBXProject section */

/* Begin PBXResourcesBuildPhase section */
		FAD50DCA14CA50DF000C4BAA /* Resources */ = {
			isa = PBXResourcesBuildPhase;
			buildActionMask = 2147483647;
			files = (
				FAD50DDB14CA50DF000C4BAA /* InfoPlist.strings in Resources */,
				FAD50DF814CA8257000C4BAA /* frown_portrait.png in Resources */,
				FAD50DF914CA8257000C4BAA /* smile_portrait.png in Resources */,
			);
			runOnlyForDeploymentPostprocessing = 0;
		};
/* End PBXResourcesBuildPhase section */

/* Begin PBXSourcesBuildPhase section */
		FAD50DC814CA50DF000C4BAA /* Sources */ = {
			isa = PBXSourcesBuildPhase;
			buildActionMask = 2147483647;
			files = (
				FAD50DDD14CA50DF000C4BAA /* main.m in Sources */,
				FAD50DE114CA50DF000C4BAA /* AppDelegate.m in Sources */,
				FAD50DEB14CA58B8000C4BAA /* VideoExporter.m in Sources */,
			);
			runOnlyForDeploymentPostprocessing = 0;
		};
/* End PBXSourcesBuildPhase section */

/* Begin PBXVariantGroup section */
		FAD50DD914CA50DF000C4BAA /* InfoPlist.strings */ = {
			isa = PBXVariantGroup;
			children = (
				FAD50DDA14CA50DF000C4BAA /* en */,
			);
			name = InfoPlist.strings;
			sourceTree = "<group>";
		};
/* End PBXVariantGroup section */

/* Begin XCBuildConfiguration section */
		FAD50DE214CA50DF000C4BAA /* Debug */ = {
			isa = XCBuildConfiguration;
			buildSettings = {
				ALWAYS_SEARCH_USER_PATHS = NO;
				ARCHS = "$(ARCHS_STANDARD_32_BIT)";
				CLANG_ENABLE_OBJC_ARC = YES;
				"CODE_SIGN_IDENTITY[sdk=iphoneos*]" = "iPhone Developer";
				COPY_PHASE_STRIP = NO;
				GCC_C_LANGUAGE_STANDARD = gnu99;
				GCC_DYNAMIC_NO_PIC = NO;
				GCC_OPTIMIZATION_LEVEL = 0;
				GCC_PREPROCESSOR_DEFINITIONS = (
					"DEBUG=1",
					"$(inherited)",
				);
				GCC_SYMBOLS_PRIVATE_EXTERN = NO;
				GCC_VERSION = com.apple.compilers.llvm.clang.1_0;
				GCC_WARN_ABOUT_MISSING_PROTOTYPES = YES;
				GCC_WARN_ABOUT_RETURN_TYPE = YES;
				GCC_WARN_UNUSED_VARIABLE = YES;
				IPHONEOS_DEPLOYMENT_TARGET = 5.0;
				SDKROOT = iphoneos;
			};
			name = Debug;
		};
		FAD50DE314CA50DF000C4BAA /* Release */ = {
			isa = XCBuildConfiguration;
			buildSettings = {
				ALWAYS_SEARCH_USER_PATHS = NO;
				ARCHS = "$(ARCHS_STANDARD_32_BIT)";
				CLANG_ENABLE_OBJC_ARC = YES;
				"CODE_SIGN_IDENTITY[sdk=iphoneos*]" = "iPhone Developer";
				COPY_PHASE_STRIP = YES;
				GCC_C_LANGUAGE_STANDARD = gnu99;
				GCC_VERSION = com.apple.compilers.llvm.clang.1_0;
				GCC_WARN_ABOUT_MISSING_PROTOTYPES = YES;
				GCC_WARN_ABOUT_RETURN_TYPE = YES;
				GCC_WARN_UNUSED_VARIABLE = YES;
				IPHONEOS_DEPLOYMENT_TARGET = 5.0;
				OTHER_CFLAGS = "-DNS_BLOCK_ASSERTIONS=1";
				SDKROOT = iphoneos;
				VALIDATE_PRODUCT = YES;
			};
			name = Release;
		};
		FAD50DE514CA50DF000C4BAA /* Debug */ = {
			isa = XCBuildConfiguration;
			buildSettings = {
				GCC_PRECOMPILE_PREFIX_HEADER = YES;
				GCC_PREFIX_HEADER = "AVExportTest/AVExportTest-Prefix.pch";
				INFOPLIST_FILE = "AVExportTest/AVExportTest-Info.plist";
				PRODUCT_NAME = "$(TARGET_NAME)";
				WRAPPER_EXTENSION = app;
			};
			name = Debug;
		};
		FAD50DE614CA50DF000C4BAA /* Release */ = {
			isa = XCBuildConfiguration;
			buildSettings = {
				GCC_PRECOMPILE_PREFIX_HEADER = YES;
				GCC_PREFIX_HEADER = "AVExportTest/AVExportTest-Prefix.pch";
				INFOPLIST_FILE = "AVExportTest/AVExportTest-Info.plist";
				PRODUCT_NAME = "$(TARGET_NAME)";
				WRAPPER_EXTENSION = app;
			};
			name = Release;
		};
/* End XCBuildConfiguration section */

/* Begin XCConfigurationList section */
		FAD50DC614CA50DE000C4BAA /* Build configuration list for PBXProject "AVExportTest" */ = {
			isa = XCConfigurationList;
			buildConfigurations = (
				FAD50DE214CA50DF000C4BAA /* Debug */,
				FAD50DE314CA50DF000C4BAA /* Release */,
			);
			defaultConfigurationIsVisible = 0;
			defaultConfigurationName = Release;
		};
		FAD50DE414CA50DF000C4BAA /* Build configuration list for PBXNativeTarget "AVExportTest" */ = {
			isa = XCConfigurationList;
			buildConfigurations = (
				FAD50DE514CA50DF000C4BAA /* Debug */,
				FAD50DE614CA50DF000C4BAA /* Release */,
			);
			defaultConfigurationIsVisible = 0;
		};
/* End XCConfigurationList section */
	};
	rootObject = FAD50DC314CA50DE000C4BAA /* Project object */;
}
