// !$*UTF8*$!
{
	archiveVersion = 1;
	classes = {
	};
	objectVersion = 46;
	objects = {

/* Begin PBXBuildFile section */
		FAD50DD114CA50DF000C4BAA /* UIKit.framework in Frameworks */ = {isa = PBXBuildFile; fileRef = FAD50DD014CA50DF000C4BAA /* UIKit.framework */; };
		FAD50DD314CA50DF000C4BAA /* Foundation.framework in Frameworks */ = {isa = PBXBuildFile; fileRef = FAD50DD214CA50DF000C4BAA /* Foundation.framework */; };
		FAD50DD514CA50DF000C4BAA /* CoreGraphics.framework in Frameworks */ = {isa = PBXBuildFile; fileRef = FAD50DD414CA50DF000C4BAA /* CoreGraphics.framework */; };
		FAD50DDB14CA50DF000C4BAA /* InfoPlist.strings in Resources */ = {isa = PBXBuildFile; fileRef = FAD50DD914CA50DF000C4BAA /* InfoPlist.strings */; };
		FAD50DDD14CA50DF000C4BAA /* main.m in Sources */ = {isa = PBXBuildFile; fileRef = FAD50DDC14CA50DF000C4BAA /* main.m */; };
		FAD50DE114CA50DF000C4BAA /* AppDelegate.m in Sources */ = {isa = PBXBuildFile; fileRef = FAD50DE014CA50DF000C4BAA /* AppDelegate.m */; };
		FAD50DE814CA51E9000C4BAA /* AVFoundation.framework in Frameworks */ = {isa = PBXBuildFile; fileRef = FAD50DE714CA51E9000C4BAA /* AVFoundation.framework */; };
		FAD50DEB14CA58B8000C4BAA /* VideoExporter.m in Sources */ = {isa = PBXBuildFile; fileRef = FAD50DEA14CA58B8000C4BAA /* VideoExporter.m */; };
		FAD50DEF14CA670F000C4BAA /* CoreVideo.framework in Frameworks */ = {isa = PBXBuildFile; fileRef = FAD50DEE14CA670F000C4BAA /* CoreVideo.framework */; };
		FAD50DF114CA671A000C4BAA /* CoreMedia.framework in Frameworks */ = {isa = PBXBuildFile; fileRef = FAD50DF014CA6719000C4BAA /* CoreMedia.framework */; };
		FAD50DFB14CA82F8000C4BAA /* MediaPlayer.framework in Frameworks */ = {isa = PBXBuildFile; fileRef = FAD50DFA14CA82F8000C4BAA /* MediaPlayer.framework */; };
		FAD50E2B14CB18A8000C4BAA /* frame1.png in Resources */ = {isa = PBXBuildFile; fileRef = FAD50DFF14CB18A8000C4BAA /* frame1.png */; };
		FAD50E2C14CB18A8000C4BAA /* frame10.png in Resources */ = {isa = PBXBuildFile; fileRef = FAD50E0014CB18A8000C4BAA /* frame10.png */; };
		FAD50E2D14CB18A8000C4BAA /* frame11.png in Resources */ = {isa = PBXBuildFile; fileRef = FAD50E0114CB18A8000C4BAA /* frame11.png */; };
		FAD50E2E14CB18A8000C4BAA /* frame12.png in Resources */ = {isa = PBXBuildFile; fileRef = FAD50E0214CB18A8000C4BAA /* frame12.png */; };
		FAD50E2F14CB18A8000C4BAA /* frame13.png in Resources */ = {isa = PBXBuildFile; fileRef = FAD50E0314CB18A8000C4BAA /* frame13.png */; };
		FAD50E3014CB18A8000C4BAA /* frame14.png in Resources */ = {isa = PBXBuildFile; fileRef = FAD50E0414CB18A8000C4BAA /* frame14.png */; };
		FAD50E3114CB18A8000C4BAA /* frame15.png in Resources */ = {isa = PBXBuildFile; fileRef = FAD50E0514CB18A8000C4BAA /* frame15.png */; };
		FAD50E3214CB18A8000C4BAA /* frame16.png in Resources */ = {isa = PBXBuildFile; fileRef = FAD50E0614CB18A8000C4BAA /* frame16.png */; };
		FAD50E3314CB18A8000C4BAA /* frame17.png in Resources */ = {isa = PBXBuildFile; fileRef = FAD50E0714CB18A8000C4BAA /* frame17.png */; };
		FAD50E3414CB18A8000C4BAA /* frame18.png in Resources */ = {isa = PBXBuildFile; fileRef = FAD50E0814CB18A8000C4BAA /* frame18.png */; };
		FAD50E3514CB18A8000C4BAA /* frame19.png in Resources */ = {isa = PBXBuildFile; fileRef = FAD50E0914CB18A8000C4BAA /* frame19.png */; };
		FAD50E3614CB18A8000C4BAA /* frame2.png in Resources */ = {isa = PBXBuildFile; fileRef = FAD50E0A14CB18A8000C4BAA /* frame2.png */; };
		FAD50E3714CB18A8000C4BAA /* frame20.png in Resources */ = {isa = PBXBuildFile; fileRef = FAD50E0B14CB18A8000C4BAA /* frame20.png */; };
		FAD50E3814CB18A8000C4BAA /* frame21.png in Resources */ = {isa = PBXBuildFile; fileRef = FAD50E0C14CB18A8000C4BAA /* frame21.png */; };
		FAD50E3914CB18A8000C4BAA /* frame22.png in Resources */ = {isa = PBXBuildFile; fileRef = FAD50E0D14CB18A8000C4BAA /* frame22.png */; };
		FAD50E3A14CB18A8000C4BAA /* frame23.png in Resources */ = {isa = PBXBuildFile; fileRef = FAD50E0E14CB18A8000C4BAA /* frame23.png */; };
		FAD50E3B14CB18A8000C4BAA /* frame24.png in Resources */ = {isa = PBXBuildFile; fileRef = FAD50E0F14CB18A8000C4BAA /* frame24.png */; };
		FAD50E3C14CB18A8000C4BAA /* frame25.png in Resources */ = {isa = PBXBuildFile; fileRef = FAD50E1014CB18A8000C4BAA /* frame25.png */; };
		FAD50E3D14CB18A8000C4BAA /* frame26.png in Resources */ = {isa = PBXBuildFile; fileRef = FAD50E1114CB18A8000C4BAA /* frame26.png */; };
		FAD50E3E14CB18A8000C4BAA /* frame27.png in Resources */ = {isa = PBXBuildFile; fileRef = FAD50E1214CB18A8000C4BAA /* frame27.png */; };
		FAD50E3F14CB18A8000C4BAA /* frame28.png in Resources */ = {isa = PBXBuildFile; fileRef = FAD50E1314CB18A8000C4BAA /* frame28.png */; };
		FAD50E4014CB18A8000C4BAA /* frame29.png in Resources */ = {isa = PBXBuildFile; fileRef = FAD50E1414CB18A8000C4BAA /* frame29.png */; };
		FAD50E4114CB18A8000C4BAA /* frame3.png in Resources */ = {isa = PBXBuildFile; fileRef = FAD50E1514CB18A8000C4BAA /* frame3.png */; };
		FAD50E4214CB18A8000C4BAA /* frame30.png in Resources */ = {isa = PBXBuildFile; fileRef = FAD50E1614CB18A8000C4BAA /* frame30.png */; };
		FAD50E4314CB18A8000C4BAA /* frame31.png in Resources */ = {isa = PBXBuildFile; fileRef = FAD50E1714CB18A8000C4BAA /* frame31.png */; };
		FAD50E4414CB18A8000C4BAA /* frame32.png in Resources */ = {isa = PBXBuildFile; fileRef = FAD50E1814CB18A8000C4BAA /* frame32.png */; };
		FAD50E4514CB18A8000C4BAA /* frame33.png in Resources */ = {isa = PBXBuildFile; fileRef = FAD50E1914CB18A8000C4BAA /* frame33.png */; };
		FAD50E4614CB18A8000C4BAA /* frame34.png in Resources */ = {isa = PBXBuildFile; fileRef = FAD50E1A14CB18A8000C4BAA /* frame34.png */; };
		FAD50E4714CB18A8000C4BAA /* frame35.png in Resources */ = {isa = PBXBuildFile; fileRef = FAD50E1B14CB18A8000C4BAA /* frame35.png */; };
		FAD50E4814CB18A8000C4BAA /* frame36.png in Resources */ = {isa = PBXBuildFile; fileRef = FAD50E1C14CB18A8000C4BAA /* frame36.png */; };
		FAD50E4914CB18A8000C4BAA /* frame37.png in Resources */ = {isa = PBXBuildFile; fileRef = FAD50E1D14CB18A8000C4BAA /* frame37.png */; };
		FAD50E4A14CB18A8000C4BAA /* frame38.png in Resources */ = {isa = PBXBuildFile; fileRef = FAD50E1E14CB18A8000C4BAA /* frame38.png */; };
		FAD50E4B14CB18A8000C4BAA /* frame39.png in Resources */ = {isa = PBXBuildFile; fileRef = FAD50E1F14CB18A8000C4BAA /* frame39.png */; };
		FAD50E4C14CB18A8000C4BAA /* frame4.png in Resources */ = {isa = PBXBuildFile; fileRef = FAD50E2014CB18A8000C4BAA /* frame4.png */; };
		FAD50E4D14CB18A8000C4BAA /* frame40.png in Resources */ = {isa = PBXBuildFile; fileRef = FAD50E2114CB18A8000C4BAA /* frame40.png */; };
		FAD50E4E14CB18A8000C4BAA /* frame41.png in Resources */ = {isa = PBXBuildFile; fileRef = FAD50E2214CB18A8000C4BAA /* frame41.png */; };
		FAD50E4F14CB18A8000C4BAA /* frame42.png in Resources */ = {isa = PBXBuildFile; fileRef = FAD50E2314CB18A8000C4BAA /* frame42.png */; };
		FAD50E5014CB18A8000C4BAA /* frame43.png in Resources */ = {isa = PBXBuildFile; fileRef = FAD50E2414CB18A8000C4BAA /* frame43.png */; };
		FAD50E5114CB18A8000C4BAA /* frame44.png in Resources */ = {isa = PBXBuildFile; fileRef = FAD50E2514CB18A8000C4BAA /* frame44.png */; };
		FAD50E5214CB18A8000C4BAA /* frame5.png in Resources */ = {isa = PBXBuildFile; fileRef = FAD50E2614CB18A8000C4BAA /* frame5.png */; };
		FAD50E5314CB18A8000C4BAA /* frame6.png in Resources */ = {isa = PBXBuildFile; fileRef = FAD50E2714CB18A8000C4BAA /* frame6.png */; };
		FAD50E5414CB18A8000C4BAA /* frame7.png in Resources */ = {isa = PBXBuildFile; fileRef = FAD50E2814CB18A8000C4BAA /* frame7.png */; };
		FAD50E5514CB18A8000C4BAA /* frame8.png in Resources */ = {isa = PBXBuildFile; fileRef = FAD50E2914CB18A8000C4BAA /* frame8.png */; };
		FAD50E5614CB18A8000C4BAA /* frame9.png in Resources */ = {isa = PBXBuildFile; fileRef = FAD50E2A14CB18A8000C4BAA /* frame9.png */; };
/* End PBXBuildFile section */

/* Begin PBXFileReference section */
		FAD50DCC14CA50DF000C4BAA /* AVExportTest.app */ = {isa = PBXFileReference; explicitFileType = wrapper.application; includeInIndex = 0; path = AVExportTest.app; sourceTree = BUILT_PRODUCTS_DIR; };
		FAD50DD014CA50DF000C4BAA /* UIKit.framework */ = {isa = PBXFileReference; lastKnownFileType = wrapper.framework; name = UIKit.framework; path = System/Library/Frameworks/UIKit.framework; sourceTree = SDKROOT; };
		FAD50DD214CA50DF000C4BAA /* Foundation.framework */ = {isa = PBXFileReference; lastKnownFileType = wrapper.framework; name = Foundation.framework; path = System/Library/Frameworks/Foundation.framework; sourceTree = SDKROOT; };
		FAD50DD414CA50DF000C4BAA /* CoreGraphics.framework */ = {isa = PBXFileReference; lastKnownFileType = wrapper.framework; name = CoreGraphics.framework; path = System/Library/Frameworks/CoreGraphics.framework; sourceTree = SDKROOT; };
		FAD50DD814CA50DF000C4BAA /* AVExportTest-Info.plist */ = {isa = PBXFileReference; lastKnownFileType = text.plist.xml; path = "AVExportTest-Info.plist"; sourceTree = "<group>"; };
		FAD50DDA14CA50DF000C4BAA /* en */ = {isa = PBXFileReference; lastKnownFileType = text.plist.strings; name = en; path = en.lproj/InfoPlist.strings; sourceTree = "<group>"; };
		FAD50DDC14CA50DF000C4BAA /* main.m */ = {isa = PBXFileReference; lastKnownFileType = sourcecode.c.objc; path = main.m; sourceTree = "<group>"; };
		FAD50DDE14CA50DF000C4BAA /* AVExportTest-Prefix.pch */ = {isa = PBXFileReference; lastKnownFileType = sourcecode.c.h; path = "AVExportTest-Prefix.pch"; sourceTree = "<group>"; };
		FAD50DDF14CA50DF000C4BAA /* AppDelegate.h */ = {isa = PBXFileReference; lastKnownFileType = sourcecode.c.h; path = AppDelegate.h; sourceTree = "<group>"; };
		FAD50DE014CA50DF000C4BAA /* AppDelegate.m */ = {isa = PBXFileReference; lastKnownFileType = sourcecode.c.objc; path = AppDelegate.m; sourceTree = "<group>"; };
		FAD50DE714CA51E9000C4BAA /* AVFoundation.framework */ = {isa = PBXFileReference; lastKnownFileType = wrapper.framework; name = AVFoundation.framework; path = System/Library/Frameworks/AVFoundation.framework; sourceTree = SDKROOT; };
		FAD50DE914CA58B8000C4BAA /* VideoExporter.h */ = {isa = PBXFileReference; fileEncoding = 4; lastKnownFileType = sourcecode.c.h; path = VideoExporter.h; sourceTree = "<group>"; };
		FAD50DEA14CA58B8000C4BAA /* VideoExporter.m */ = {isa = PBXFileReference; fileEncoding = 4; lastKnownFileType = sourcecode.c.objc; path = VideoExporter.m; sourceTree = "<group>"; };
		FAD50DEE14CA670F000C4BAA /* CoreVideo.framework */ = {isa = PBXFileReference; lastKnownFileType = wrapper.framework; name = CoreVideo.framework; path = System/Library/Frameworks/CoreVideo.framework; sourceTree = SDKROOT; };
		FAD50DF014CA6719000C4BAA /* CoreMedia.framework */ = {isa = PBXFileReference; lastKnownFileType = wrapper.framework; name = CoreMedia.framework; path = System/Library/Frameworks/CoreMedia.framework; sourceTree = SDKROOT; };
		FAD50DFA14CA82F8000C4BAA /* MediaPlayer.framework */ = {isa = PBXFileReference; lastKnownFileType = wrapper.framework; name = MediaPlayer.framework; path = System/Library/Frameworks/MediaPlayer.framework; sourceTree = SDKROOT; };
		FAD50DFF14CB18A8000C4BAA /* frame1.png */ = {isa = PBXFileReference; lastKnownFileType = image.png; path = frame1.png; sourceTree = "<group>"; };
		FAD50E0014CB18A8000C4BAA /* frame10.png */ = {isa = PBXFileReference; lastKnownFileType = image.png; path = frame10.png; sourceTree = "<group>"; };
		FAD50E0114CB18A8000C4BAA /* frame11.png */ = {isa = PBXFileReference; lastKnownFileType = image.png; path = frame11.png; sourceTree = "<group>"; };
		FAD50E0214CB18A8000C4BAA /* frame12.png */ = {isa = PBXFileReference; lastKnownFileType = image.png; path = frame12.png; sourceTree = "<group>"; };
		FAD50E0314CB18A8000C4BAA /* frame13.png */ = {isa = PBXFileReference; lastKnownFileType = image.png; path = frame13.png; sourceTree = "<group>"; };
		FAD50E0414CB18A8000C4BAA /* frame14.png */ = {isa = PBXFileReference; lastKnownFileType = image.png; path = frame14.png; sourceTree = "<group>"; };
		FAD50E0514CB18A8000C4BAA /* frame15.png */ = {isa = PBXFileReference; lastKnownFileType = image.png; path = frame15.png; sourceTree = "<group>"; };
		FAD50E0614CB18A8000C4BAA /* frame16.png */ = {isa = PBXFileReference; lastKnownFileType = image.png; path = frame16.png; sourceTree = "<group>"; };
		FAD50E0714CB18A8000C4BAA /* frame17.png */ = {isa = PBXFileReference; lastKnownFileType = image.png; path = frame17.png; sourceTree = "<group>"; };
		FAD50E0814CB18A8000C4BAA /* frame18.png */ = {isa = PBXFileReference; lastKnownFileType = image.png; path = frame18.png; sourceTree = "<group>"; };
		FAD50E0914CB18A8000C4BAA /* frame19.png */ = {isa = PBXFileReference; lastKnownFileType = image.png; path = frame19.png; sourceTree = "<group>"; };
		FAD50E0A14CB18A8000C4BAA /* frame2.png */ = {isa = PBXFileReference; lastKnownFileType = image.png; path = frame2.png; sourceTree = "<group>"; };
		FAD50E0B14CB18A8000C4BAA /* frame20.png */ = {isa = PBXFileReference; lastKnownFileType = image.png; path = frame20.png; sourceTree = "<group>"; };
		FAD50E0C14CB18A8000C4BAA /* frame21.png */ = {isa = PBXFileReference; lastKnownFileType = image.png; path = frame21.png; sourceTree = "<group>"; };
		FAD50E0D14CB18A8000C4BAA /* frame22.png */ = {isa = PBXFileReference; lastKnownFileType = image.png; path = frame22.png; sourceTree = "<group>"; };
		FAD50E0E14CB18A8000C4BAA /* frame23.png */ = {isa = PBXFileReference; lastKnownFileType = image.png; path = frame23.png; sourceTree = "<group>"; };
		FAD50E0F14CB18A8000C4BAA /* frame24.png */ = {isa = PBXFileReference; lastKnownFileType = image.png; path = frame24.png; sourceTree = "<group>"; };
		FAD50E1014CB18A8000C4BAA /* frame25.png */ = {isa = PBXFileReference; lastKnownFileType = image.png; path = frame25.png; sourceTree = "<group>"; };
		FAD50E1114CB18A8000C4BAA /* frame26.png */ = {isa = PBXFileReference; lastKnownFileType = image.png; path = frame26.png; sourceTree = "<group>"; };
		FAD50E1214CB18A8000C4BAA /* frame27.png */ = {isa = PBXFileReference; lastKnownFileType = image.png; path = frame27.png; sourceTree = "<group>"; };
		FAD50E1314CB18A8000C4BAA /* frame28.png */ = {isa = PBXFileReference; lastKnownFileType = image.png; path = frame28.png; sourceTree = "<group>"; };
		FAD50E1414CB18A8000C4BAA /* frame29.png */ = {isa = PBXFileReference; lastKnownFileType = image.png; path = frame29.png; sourceTree = "<group>"; };
		FAD50E1514CB18A8000C4BAA /* frame3.png */ = {isa = PBXFileReference; lastKnownFileType = image.png; path = frame3.png; sourceTree = "<group>"; };
		FAD50E1614CB18A8000C4BAA /* frame30.png */ = {isa = PBXFileReference; lastKnownFileType = image.png; path = frame30.png; sourceTree = "<group>"; };
		FAD50E1714CB18A8000C4BAA /* frame31.png */ = {isa = PBXFileReference; lastKnownFileType = image.png; path = frame31.png; sourceTree = "<group>"; };
		FAD50E1814CB18A8000C4BAA /* frame32.png */ = {isa = PBXFileReference; lastKnownFileType = image.png; path = frame32.png; sourceTree = "<group>"; };
		FAD50E1914CB18A8000C4BAA /* frame33.png */ = {isa = PBXFileReference; lastKnownFileType = image.png; path = frame33.png; sourceTree = "<group>"; };
		FAD50E1A14CB18A8000C4BAA /* frame34.png */ = {isa = PBXFileReference; lastKnownFileType = image.png; path = frame34.png; sourceTree = "<group>"; };
		FAD50E1B14CB18A8000C4BAA /* frame35.png */ = {isa = PBXFileReference; lastKnownFileType = image.png; path = frame35.png; sourceTree = "<group>"; };
		FAD50E1C14CB18A8000C4BAA /* frame36.png */ = {isa = PBXFileReference; lastKnownFileType = image.png; path = frame36.png; sourceTree = "<group>"; };
		FAD50E1D14CB18A8000C4BAA /* frame37.png */ = {isa = PBXFileReference; lastKnownFileType = image.png; path = frame37.png; sourceTree = "<group>"; };
		FAD50E1E14CB18A8000C4BAA /* frame38.png */ = {isa = PBXFileReference; lastKnownFileType = image.png; path = frame38.png; sourceTree = "<group>"; };
		FAD50E1F14CB18A8000C4BAA /* frame39.png */ = {isa = PBXFileReference; lastKnownFileType = image.png; path = frame39.png; sourceTree = "<group>"; };
		FAD50E2014CB18A8000C4BAA /* frame4.png */ = {isa = PBXFileReference; lastKnownFileType = image.png; path = frame4.png; sourceTree = "<group>"; };
		FAD50E2114CB18A8000C4BAA /* frame40.png */ = {isa = PBXFileReference; lastKnownFileType = image.png; path = frame40.png; sourceTree = "<group>"; };
		FAD50E2214CB18A8000C4BAA /* frame41.png */ = {isa = PBXFileReference; lastKnownFileType = image.png; path = frame41.png; sourceTree = "<group>"; };
		FAD50E2314CB18A8000C4BAA /* frame42.png */ = {isa = PBXFileReference; lastKnownFileType = image.png; path = frame42.png; sourceTree = "<group>"; };
		FAD50E2414CB18A8000C4BAA /* frame43.png */ = {isa = PBXFileReference; lastKnownFileType = image.png; path = frame43.png; sourceTree = "<group>"; };
		FAD50E2514CB18A8000C4BAA /* frame44.png */ = {isa = PBXFileReference; lastKnownFileType = image.png; path = frame44.png; sourceTree = "<group>"; };
		FAD50E2614CB18A8000C4BAA /* frame5.png */ = {isa = PBXFileReference; lastKnownFileType = image.png; path = frame5.png; sourceTree = "<group>"; };
		FAD50E2714CB18A8000C4BAA /* frame6.png */ = {isa = PBXFileReference; lastKnownFileType = image.png; path = frame6.png; sourceTree = "<group>"; };
		FAD50E2814CB18A8000C4BAA /* frame7.png */ = {isa = PBXFileReference; lastKnownFileType = image.png; path = frame7.png; sourceTree = "<group>"; };
		FAD50E2914CB18A8000C4BAA /* frame8.png */ = {isa = PBXFileReference; lastKnownFileType = image.png; path = frame8.png; sourceTree = "<group>"; };
		FAD50E2A14CB18A8000C4BAA /* frame9.png */ = {isa = PBXFileReference; lastKnownFileType = image.png; path = frame9.png; sourceTree = "<group>"; };
/* End PBXFileReference section */

/* Begin PBXFrameworksBuildPhase section */
		FAD50DC914CA50DF000C4BAA /* Frameworks */ = {
			isa = PBXFrameworksBuildPhase;
			buildActionMask = 2147483647;
			files = (
				FAD50DFB14CA82F8000C4BAA /* MediaPlayer.framework in Frameworks */,
				FAD50DF114CA671A000C4BAA /* CoreMedia.framework in Frameworks */,
				FAD50DEF14CA670F000C4BAA /* CoreVideo.framework in Frameworks */,
				FAD50DE814CA51E9000C4BAA /* AVFoundation.framework in Frameworks */,
				FAD50DD114CA50DF000C4BAA /* UIKit.framework in Frameworks */,
				FAD50DD314CA50DF000C4BAA /* Foundation.framework in Frameworks */,
				FAD50DD514CA50DF000C4BAA /* CoreGraphics.framework in Frameworks */,
			);
			runOnlyForDeploymentPostprocessing = 0;
		};
/* End PBXFrameworksBuildPhase section */

/* Begin PBXGroup section */
		FAD50DC114CA50DE000C4BAA = {
			isa = PBXGroup;
			children = (
				FAD50DD614CA50DF000C4BAA /* AVExportTest */,
				FAD50DCF14CA50DF000C4BAA /* Frameworks */,
				FAD50DCD14CA50DF000C4BAA /* Products */,
			);
			sourceTree = "<group>";
		};
		FAD50DCD14CA50DF000C4BAA /* Products */ = {
			isa = PBXGroup;
			children = (
				FAD50DCC14CA50DF000C4BAA /* AVExportTest.app */,
			);
			name = Products;
			sourceTree = "<group>";
		};
		FAD50DCF14CA50DF000C4BAA /* Frameworks */ = {
			isa = PBXGroup;
			children = (
				FAD50DFA14CA82F8000C4BAA /* MediaPlayer.framework */,
				FAD50DF014CA6719000C4BAA /* CoreMedia.framework */,
				FAD50DEE14CA670F000C4BAA /* CoreVideo.framework */,
				FAD50DE714CA51E9000C4BAA /* AVFoundation.framework */,
				FAD50DD014CA50DF000C4BAA /* UIKit.framework */,
				FAD50DD214CA50DF000C4BAA /* Foundation.framework */,
				FAD50DD414CA50DF000C4BAA /* CoreGraphics.framework */,
			);
			name = Frameworks;
			sourceTree = "<group>";
		};
		FAD50DD614CA50DF000C4BAA /* AVExportTest */ = {
			isa = PBXGroup;
			children = (
				FAD50DDF14CA50DF000C4BAA /* AppDelegate.h */,
				FAD50DE014CA50DF000C4BAA /* AppDelegate.m */,
				FAD50DE914CA58B8000C4BAA /* VideoExporter.h */,
				FAD50DEA14CA58B8000C4BAA /* VideoExporter.m */,
				FAD50DD714CA50DF000C4BAA /* Supporting Files */,
			);
			path = AVExportTest;
			sourceTree = "<group>";
		};
		FAD50DD714CA50DF000C4BAA /* Supporting Files */ = {
			isa = PBXGroup;
			children = (
				FAD50DFE14CB18A8000C4BAA /* Images */,
				FAD50DD814CA50DF000C4BAA /* AVExportTest-Info.plist */,
				FAD50DD914CA50DF000C4BAA /* InfoPlist.strings */,
				FAD50DDC14CA50DF000C4BAA /* main.m */,
				FAD50DDE14CA50DF000C4BAA /* AVExportTest-Prefix.pch */,
			);
			name = "Supporting Files";
			sourceTree = "<group>";
		};
		FAD50DFE14CB18A8000C4BAA /* Images */ = {
			isa = PBXGroup;
			children = (
				FAD50DFF14CB18A8000C4BAA /* frame1.png */,
				FAD50E0014CB18A8000C4BAA /* frame10.png */,
				FAD50E0114CB18A8000C4BAA /* frame11.png */,
				FAD50E0214CB18A8000C4BAA /* frame12.png */,
				FAD50E0314CB18A8000C4BAA /* frame13.png */,
				FAD50E0414CB18A8000C4BAA /* frame14.png */,
				FAD50E0514CB18A8000C4BAA /* frame15.png */,
				FAD50E0614CB18A8000C4BAA /* frame16.png */,
				FAD50E0714CB18A8000C4BAA /* frame17.png */,
				FAD50E0814CB18A8000C4BAA /* frame18.png */,
				FAD50E0914CB18A8000C4BAA /* frame19.png */,
				FAD50E0A14CB18A8000C4BAA /* frame2.png */,
				FAD50E0B14CB18A8000C4BAA /* frame20.png */,
				FAD50E0C14CB18A8000C4BAA /* frame21.png */,
				FAD50E0D14CB18A8000C4BAA /* frame22.png */,
				FAD50E0E14CB18A8000C4BAA /* frame23.png */,
				FAD50E0F14CB18A8000C4BAA /* frame24.png */,
				FAD50E1014CB18A8000C4BAA /* frame25.png */,
				FAD50E1114CB18A8000C4BAA /* frame26.png */,
				FAD50E1214CB18A8000C4BAA /* frame27.png */,
				FAD50E1314CB18A8000C4BAA /* frame28.png */,
				FAD50E1414CB18A8000C4BAA /* frame29.png */,
				FAD50E1514CB18A8000C4BAA /* frame3.png */,
				FAD50E1614CB18A8000C4BAA /* frame30.png */,
				FAD50E1714CB18A8000C4BAA /* frame31.png */,
				FAD50E1814CB18A8000C4BAA /* frame32.png */,
				FAD50E1914CB18A8000C4BAA /* frame33.png */,
				FAD50E1A14CB18A8000C4BAA /* frame34.png */,
				FAD50E1B14CB18A8000C4BAA /* frame35.png */,
				FAD50E1C14CB18A8000C4BAA /* frame36.png */,
				FAD50E1D14CB18A8000C4BAA /* frame37.png */,
				FAD50E1E14CB18A8000C4BAA /* frame38.png */,
				FAD50E1F14CB18A8000C4BAA /* frame39.png */,
				FAD50E2014CB18A8000C4BAA /* frame4.png */,
				FAD50E2114CB18A8000C4BAA /* frame40.png */,
				FAD50E2214CB18A8000C4BAA /* frame41.png */,
				FAD50E2314CB18A8000C4BAA /* frame42.png */,
				FAD50E2414CB18A8000C4BAA /* frame43.png */,
				FAD50E2514CB18A8000C4BAA /* frame44.png */,
				FAD50E2614CB18A8000C4BAA /* frame5.png */,
				FAD50E2714CB18A8000C4BAA /* frame6.png */,
				FAD50E2814CB18A8000C4BAA /* frame7.png */,
				FAD50E2914CB18A8000C4BAA /* frame8.png */,
				FAD50E2A14CB18A8000C4BAA /* frame9.png */,
			);
			path = Images;
			sourceTree = "<group>";
		};
/* End PBXGroup section */

/* Begin PBXNativeTarget section */
		FAD50DCB14CA50DF000C4BAA /* AVExportTest */ = {
			isa = PBXNativeTarget;
			buildConfigurationList = FAD50DE414CA50DF000C4BAA /* Build configuration list for PBXNativeTarget "AVExportTest" */;
			buildPhases = (
				FAD50DC814CA50DF000C4BAA /* Sources */,
				FAD50DC914CA50DF000C4BAA /* Frameworks */,
				FAD50DCA14CA50DF000C4BAA /* Resources */,
			);
			buildRules = (
			);
			dependencies = (
			);
			name = AVExportTest;
			productName = AVExportTest;
			productReference = FAD50DCC14CA50DF000C4BAA /* AVExportTest.app */;
			productType = "com.apple.product-type.application";
		};
/* End PBXNativeTarget section */

/* Begin PBXProject section */
		FAD50DC314CA50DE000C4BAA /* Project object */ = {
			isa = PBXProject;
			attributes = {
				LastUpgradeCheck = 0420;
			};
			buildConfigurationList = FAD50DC614CA50DE000C4BAA /* Build configuration list for PBXProject "AVExportTest" */;
			compatibilityVersion = "Xcode 3.2";
			developmentRegion = English;
			hasScannedForEncodings = 0;
			knownRegions = (
				en,
			);
			mainGroup = FAD50DC114CA50DE000C4BAA;
			productRefGroup = FAD50DCD14CA50DF000C4BAA /* Products */;
			projectDirPath = "";
			projectRoot = "";
			targets = (
				FAD50DCB14CA50DF000C4BAA /* AVExportTest */,
			);
		};
/* End PBXProject section */

/* Begin PBXResourcesBuildPhase section */
		FAD50DCA14CA50DF000C4BAA /* Resources */ = {
			isa = PBXResourcesBuildPhase;
			buildActionMask = 2147483647;
			files = (
				FAD50DDB14CA50DF000C4BAA /* InfoPlist.strings in Resources */,
				FAD50E2B14CB18A8000C4BAA /* frame1.png in Resources */,
				FAD50E2C14CB18A8000C4BAA /* frame10.png in Resources */,
				FAD50E2D14CB18A8000C4BAA /* frame11.png in Resources */,
				FAD50E2E14CB18A8000C4BAA /* frame12.png in Resources */,
				FAD50E2F14CB18A8000C4BAA /* frame13.png in Resources */,
				FAD50E3014CB18A8000C4BAA /* frame14.png in Resources */,
				FAD50E3114CB18A8000C4BAA /* frame15.png in Resources */,
				FAD50E3214CB18A8000C4BAA /* frame16.png in Resources */,
				FAD50E3314CB18A8000C4BAA /* frame17.png in Resources */,
				FAD50E3414CB18A8000C4BAA /* frame18.png in Resources */,
				FAD50E3514CB18A8000C4BAA /* frame19.png in Resources */,
				FAD50E3614CB18A8000C4BAA /* frame2.png in Resources */,
				FAD50E3714CB18A8000C4BAA /* frame20.png in Resources */,
				FAD50E3814CB18A8000C4BAA /* frame21.png in Resources */,
				FAD50E3914CB18A8000C4BAA /* frame22.png in Resources */,
				FAD50E3A14CB18A8000C4BAA /* frame23.png in Resources */,
				FAD50E3B14CB18A8000C4BAA /* frame24.png in Resources */,
				FAD50E3C14CB18A8000C4BAA /* frame25.png in Resources */,
				FAD50E3D14CB18A8000C4BAA /* frame26.png in Resources */,
				FAD50E3E14CB18A8000C4BAA /* frame27.png in Resources */,
				FAD50E3F14CB18A8000C4BAA /* frame28.png in Resources */,
				FAD50E4014CB18A8000C4BAA /* frame29.png in Resources */,
				FAD50E4114CB18A8000C4BAA /* frame3.png in Resources */,
				FAD50E4214CB18A8000C4BAA /* frame30.png in Resources */,
				FAD50E4314CB18A8000C4BAA /* frame31.png in Resources */,
				FAD50E4414CB18A8000C4BAA /* frame32.png in Resources */,
				FAD50E4514CB18A8000C4BAA /* frame33.png in Resources */,
				FAD50E4614CB18A8000C4BAA /* frame34.png in Resources */,
				FAD50E4714CB18A8000C4BAA /* frame35.png in Resources */,
				FAD50E4814CB18A8000C4BAA /* frame36.png in Resources */,
				FAD50E4914CB18A8000C4BAA /* frame37.png in Resources */,
				FAD50E4A14CB18A8000C4BAA /* frame38.png in Resources */,
				FAD50E4B14CB18A8000C4BAA /* frame39.png in Resources */,
				FAD50E4C14CB18A8000C4BAA /* frame4.png in Resources */,
				FAD50E4D14CB18A8000C4BAA /* frame40.png in Resources */,
				FAD50E4E14CB18A8000C4BAA /* frame41.png in Resources */,
				FAD50E4F14CB18A8000C4BAA /* frame42.png in Resources */,
				FAD50E5014CB18A8000C4BAA /* frame43.png in Resources */,
				FAD50E5114CB18A8000C4BAA /* frame44.png in Resources */,
				FAD50E5214CB18A8000C4BAA /* frame5.png in Resources */,
				FAD50E5314CB18A8000C4BAA /* frame6.png in Resources */,
				FAD50E5414CB18A8000C4BAA /* frame7.png in Resources */,
				FAD50E5514CB18A8000C4BAA /* frame8.png in Resources */,
				FAD50E5614CB18A8000C4BAA /* frame9.png in Resources */,
			);
			runOnlyForDeploymentPostprocessing = 0;
		};
/* End PBXResourcesBuildPhase section */

/* Begin PBXSourcesBuildPhase section */
		FAD50DC814CA50DF000C4BAA /* Sources */ = {
			isa = PBXSourcesBuildPhase;
			buildActionMask = 2147483647;
			files = (
				FAD50DDD14CA50DF000C4BAA /* main.m in Sources */,
				FAD50DE114CA50DF000C4BAA /* AppDelegate.m in Sources */,
				FAD50DEB14CA58B8000C4BAA /* VideoExporter.m in Sources */,
			);
			runOnlyForDeploymentPostprocessing = 0;
		};
/* End PBXSourcesBuildPhase section */

/* Begin PBXVariantGroup section */
		FAD50DD914CA50DF000C4BAA /* InfoPlist.strings */ = {
			isa = PBXVariantGroup;
			children = (
				FAD50DDA14CA50DF000C4BAA /* en */,
			);
			name = InfoPlist.strings;
			sourceTree = "<group>";
		};
/* End PBXVariantGroup section */

/* Begin XCBuildConfiguration section */
		FAD50DE214CA50DF000C4BAA /* Debug */ = {
			isa = XCBuildConfiguration;
			buildSettings = {
				ALWAYS_SEARCH_USER_PATHS = NO;
				ARCHS = "$(ARCHS_STANDARD_32_BIT)";
				CLANG_ENABLE_OBJC_ARC = YES;
				"CODE_SIGN_IDENTITY[sdk=iphoneos*]" = "iPhone Developer";
				COPY_PHASE_STRIP = NO;
				GCC_C_LANGUAGE_STANDARD = gnu99;
				GCC_DYNAMIC_NO_PIC = NO;
				GCC_OPTIMIZATION_LEVEL = 0;
				GCC_PREPROCESSOR_DEFINITIONS = (
					"DEBUG=1",
					"$(inherited)",
				);
				GCC_SYMBOLS_PRIVATE_EXTERN = NO;
				GCC_VERSION = com.apple.compilers.llvm.clang.1_0;
				GCC_WARN_ABOUT_MISSING_PROTOTYPES = YES;
				GCC_WARN_ABOUT_RETURN_TYPE = YES;
				GCC_WARN_UNUSED_VARIABLE = YES;
				IPHONEOS_DEPLOYMENT_TARGET = 5.0;
				SDKROOT = iphoneos;
			};
			name = Debug;
		};
		FAD50DE314CA50DF000C4BAA /* Release */ = {
			isa = XCBuildConfiguration;
			buildSettings = {
				ALWAYS_SEARCH_USER_PATHS = NO;
				ARCHS = "$(ARCHS_STANDARD_32_BIT)";
				CLANG_ENABLE_OBJC_ARC = YES;
				"CODE_SIGN_IDENTITY[sdk=iphoneos*]" = "iPhone Developer";
				COPY_PHASE_STRIP = YES;
				GCC_C_LANGUAGE_STANDARD = gnu99;
				GCC_VERSION = com.apple.compilers.llvm.clang.1_0;
				GCC_WARN_ABOUT_MISSING_PROTOTYPES = YES;
				GCC_WARN_ABOUT_RETURN_TYPE = YES;
				GCC_WARN_UNUSED_VARIABLE = YES;
				IPHONEOS_DEPLOYMENT_TARGET = 5.0;
				OTHER_CFLAGS = "-DNS_BLOCK_ASSERTIONS=1";
				SDKROOT = iphoneos;
				VALIDATE_PRODUCT = YES;
			};
			name = Release;
		};
		FAD50DE514CA50DF000C4BAA /* Debug */ = {
			isa = XCBuildConfiguration;
			buildSettings = {
				GCC_PRECOMPILE_PREFIX_HEADER = YES;
				GCC_PREFIX_HEADER = "AVExportTest/AVExportTest-Prefix.pch";
				INFOPLIST_FILE = "AVExportTest/AVExportTest-Info.plist";
				PRODUCT_NAME = "$(TARGET_NAME)";
				WRAPPER_EXTENSION = app;
			};
			name = Debug;
		};
		FAD50DE614CA50DF000C4BAA /* Release */ = {
			isa = XCBuildConfiguration;
			buildSettings = {
				GCC_PRECOMPILE_PREFIX_HEADER = YES;
				GCC_PREFIX_HEADER = "AVExportTest/AVExportTest-Prefix.pch";
				INFOPLIST_FILE = "AVExportTest/AVExportTest-Info.plist";
				PRODUCT_NAME = "$(TARGET_NAME)";
				WRAPPER_EXTENSION = app;
			};
			name = Release;
		};
/* End XCBuildConfiguration section */

/* Begin XCConfigurationList section */
		FAD50DC614CA50DE000C4BAA /* Build configuration list for PBXProject "AVExportTest" */ = {
			isa = XCConfigurationList;
			buildConfigurations = (
				FAD50DE214CA50DF000C4BAA /* Debug */,
				FAD50DE314CA50DF000C4BAA /* Release */,
			);
			defaultConfigurationIsVisible = 0;
			defaultConfigurationName = Release;
		};
		FAD50DE414CA50DF000C4BAA /* Build configuration list for PBXNativeTarget "AVExportTest" */ = {
			isa = XCConfigurationList;
			buildConfigurations = (
				FAD50DE514CA50DF000C4BAA /* Debug */,
				FAD50DE614CA50DF000C4BAA /* Release */,
			);
			defaultConfigurationIsVisible = 0;
		};
/* End XCConfigurationList section */
	};
	rootObject = FAD50DC314CA50DE000C4BAA /* Project object */;
}
